
Microsoft Visual Studio Solution File, Format Version 12.00
# Visual Studio Version 16
VisualStudioVersion = 16.0.30907.101
MinimumVisualStudioVersion = 10.0.40219.1
Project("{FAE04EC0-301F-11D3-BF4B-00C04F79EFBC}") = "IdadePessoa", "IdadePessoa.csproj", "{9EB4E6D6-EB4E-4D9D-85F2-2FC025B0CD1A}"
EndProject
Global
	GlobalSection(SolutionConfigurationPlatforms) = preSolution
		Debug|Any CPU = Debug|Any CPU
		Release|Any CPU = Release|Any CPU
	EndGlobalSection
	GlobalSection(ProjectConfigurationPlatforms) = postSolution
		{9EB4E6D6-EB4E-4D9D-85F2-2FC025B0CD1A}.Debug|Any CPU.ActiveCfg = Debug|Any CPU
		{9EB4E6D6-EB4E-4D9D-85F2-2FC025B0CD1A}.Debug|Any CPU.Build.0 = Debug|Any CPU
		{9EB4E6D6-EB4E-4D9D-85F2-2FC025B0CD1A}.Release|Any CPU.ActiveCfg = Release|Any CPU
		{9EB4E6D6-EB4E-4D9D-85F2-2FC025B0CD1A}.Release|Any CPU.Build.0 = Release|Any CPU
	EndGlobalSection
	GlobalSection(SolutionProperties) = preSolution
		HideSolutionNode = FALSE
	EndGlobalSection
	GlobalSection(ExtensibilityGlobals) = postSolution
		SolutionGuid = {E8C44E94-57E5-4451-930C-C4575BC5696D}
	EndGlobalSection
EndGlobal
